{
  "name": "fact-card-workflow-repo",
  "lockfileVersion": 3,
  "requires": true,
  "packages": {
    "": {
      "name": "fact-card-workflow-repo",
      "dependencies": {
        "@fontsource/libre-baskerville": "^5.3.0",
        "@resvg/resvg-wasm": "^2.6.2",
        "@sanity/blueprints": "0.28.0",
        "@sanity/client": "^8.9.0",
        "@sanity/functions": "1.8.1",
        "@sanity/workflow-engine": "0.36.0",
        "satori": "^0.35.0"
      }
    },
    "node_modules/@aws-lite/client": {
      "version": "0.23.7",
      "resolved": "https://registry.npmjs.org/@aws-lite/client/-/client-0.23.7.tgz",
      "integrity": "sha512-Qo/lq96DS8UOg1yFccolMuKG1hKnNStXVYhzVl4tZk/7m+OtANVk2JB8iuYJISc4DF7Dm3Qy+e91L6BGJ1dfkw==",
      "license": "Apache-2.0",
      "peer": true,
      "workspaces": [
        "plugins/acm",
        "plugins/acm/types",
        "plugins/apigateway",
        "plugins/apigateway/types",
        "plugins/apigatewaymanagementapi",
        "plugins/apigatewaymanagementapi/types",
        "plugins/apigatewayv2",
        "plugins/apigatewayv2/types",
        "plugins/cloudformation",
        "plugins/cloudformation/types",
        "plugins/cloudfront",
        "plugins/cloudfront/types",
        "plugins/cloudwatch-logs",
        "plugins/cloudwatch-logs/types",
        "plugins/dynamodb",
        "plugins/dynamodb/types",
        "plugins/iam",
        "plugins/iam/types",
        "plugins/lambda",
        "plugins/lambda/types",
        "plugins/organizations",
        "plugins/organizations/types",
        "plugins/rds-data",
        "plugins/rds-data/types",
        "plugins/route53",
        "plugins/route53/types",
        "plugins/s3",
        "plugins/s3/types",
        "plugins/sns",
        "plugins/sns/types",
        "plugins/sqs",
        "plugins/sqs/types",
        "plugins/ssm",
        "plugins/ssm/types",
        "plugins/sts",
        "plugins/sts/types"
      ],
      "dependencies": {
        "aws4": "^1.13.2"
      },
      "engines": {
        "node": ">=16"
      }
    },
    "node_modules/@aws-lite/dynamodb": {
      "version": "0.3.9",
      "resolved": "https://registry.npmjs.org/@aws-lite/dynamodb/-/dynamodb-0.3.9.tgz",
      "integrity": "sha512-jrMAWwxoAMVJ3z0/mI/GzPM5AfGmH+xzTpNIbjg3+2WdYJRqvIf8025XJdCDtS9/4x8zogdchEp3ZelXnwYyqw==",
      "license": "Apache-2.0",
      "peer": true,
      "engines": {
        "node": ">=16"
      }
    },
    "node_modules/@aws-lite/lambda": {
      "version": "0.1.5",
      "resolved": "https://registry.npmjs.org/@aws-lite/lambda/-/lambda-0.1.5.tgz",
      "integrity": "sha512-Sa6AxBQwzqGsUr2ifxcpAvFlTkoDwIQIYgcEFVQ+0qKeV9ci+ggsOOSRGBxrGEdRsnQxUsQ2x0ES/29c8crzQw==",
      "license": "Apache-2.0",
      "peer": true,
      "engines": {
        "node": ">=16"
      }
    },
    "node_modules/@aws-lite/sns": {
      "version": "0.0.8",
      "resolved": "https://registry.npmjs.org/@aws-lite/sns/-/sns-0.0.8.tgz",
      "integrity": "sha512-MIzHe66kLNyzPFY/DX30uN7DlVQsnBiHPYbq/7syNWuoYSG8bkWuUX2CVIuSL7Ji5jaLpQ4lf8/VQ+SiAeoIZA==",
      "license": "Apache-2.0",
      "peer": true,
      "engines": {
        "node": ">=16"
      }
    },
    "node_modules/@aws-lite/sqs": {
      "version": "0.2.4",
      "resolved": "https://registry.npmjs.org/@aws-lite/sqs/-/sqs-0.2.4.tgz",
      "integrity": "sha512-a1M3HDdkNE/xJfASlfisAaZ8XF6FpvoJbJsH/gr6pogEFWgNQyvmPVNRElnDY7JW3ee82sEOkMukYRdAbjytNQ==",
      "license": "Apache-2.0",
      "peer": true,
      "engines": {
        "node": ">=16"
      }
    },
    "node_modules/@fontsource/libre-baskerville": {
      "version": "5.3.0",
      "resolved": "https://registry.npmjs.org/@fontsource/libre-baskerville/-/libre-baskerville-5.3.0.tgz",
      "integrity": "sha512-IA6OLq36/JWMX70Fha15sri2qWsijFh7hgdDXCRZHjKUHtWarLQoiGilvm7iMqm7HiYFEv9acF3+IuRHO9kUiA==",
      "license": "OFL-1.1",
      "funding": {
        "url": "https://github.com/sponsors/ayuhito"
      }
    },
    "node_modules/@resvg/resvg-wasm": {
      "version": "2.6.2",
      "resolved": "https://registry.npmjs.org/@resvg/resvg-wasm/-/resvg-wasm-2.6.2.tgz",
      "integrity": "sha512-FqALmHI8D4o6lk/LRWDnhw95z5eO+eAa6ORjVg09YRR7BkcM6oPHU9uyC0gtQG5vpFLvgpeU4+zEAz2H8APHNw==",
      "license": "MPL-2.0",
      "engines": {
        "node": ">= 10"
      }
    },
    "node_modules/@sanity/blueprints": {
      "version": "0.28.0",
      "resolved": "https://registry.npmjs.org/@sanity/blueprints/-/blueprints-0.28.0.tgz",
      "integrity": "sha512-Csg/coSR5TV1tQHpdtVLu4JJUTmdsm37Y7zwCGKjwXD4VTkNlWPhj8wjY6Ti0fxLND8MgbwIxdZAjJ4aPbYbzw==",
      "license": "MIT",
      "dependencies": {
        "parse-duration": "^2.1.9"
      },
      "engines": {
        "node": ">=22"
      },
      "peerDependencies": {
        "jiti": "^2",
        "vite": ">= 8"
      },
      "peerDependenciesMeta": {
        "jiti": {
          "optional": true
        },
        "vite": {
          "optional": true
        }
      }
    },
    "node_modules/@sanity/client": {
      "version": "8.9.0",
      "resolved": "https://registry.npmjs.org/@sanity/client/-/client-8.9.0.tgz",
      "integrity": "sha512-V6kFNH6xvz29ot66zTVVyzZ34dIGzVJHzQJXEV2ljGVZEelHRoMayhErsTDac/ZR7ej8Spz39qEMYCaJWg176g==",
      "license": "MIT",
      "dependencies": {
        "eventsource": "^5.1.2",
        "get-it": "^9.5.7",
        "obug": "^3.0.0",
        "rxjs": "^7.8.2"
      },
      "engines": {
        "node": ">=22.12.0"
      }
    },
    "node_modules/@sanity/eventsource": {
      "version": "5.0.4",
      "resolved": "https://registry.npmjs.org/@sanity/eventsource/-/eventsource-5.0.4.tgz",
      "integrity": "sha512-NT6XrTJePJd7q1ZdTqB3NsTyNNOe9R2zMkg4Hlkqwb0LL6UmekVamAD46yjSJ+HbRyXAKLl1Rb65xZBdzC1f8Q==",
      "license": "MIT",
      "dependencies": {
        "@types/event-source-polyfill": "1.0.5",
        "@types/eventsource": "1.1.15",
        "event-source-polyfill": "1.0.31",
        "eventsource": "2.0.2"
      }
    },
    "node_modules/@sanity/eventsource/node_modules/eventsource": {
      "version": "2.0.2",
      "resolved": "https://registry.npmjs.org/eventsource/-/eventsource-2.0.2.tgz",
      "integrity": "sha512-IzUmBGPR3+oUG9dUeXynyNmf91/3zUSJg1lCktzKw47OXuhco54U3r9B7O4XX+Rb1Itm9OZ2b0RkTs10bICOxA==",
      "license": "MIT",
      "engines": {
        "node": ">=12.0.0"
      }
    },
    "node_modules/@sanity/functions": {
      "version": "1.8.1",
      "resolved": "https://registry.npmjs.org/@sanity/functions/-/functions-1.8.1.tgz",
      "integrity": "sha512-HZfnnDuzTwfavAzjB8Ita6GGnM0owXnNSuXTyiUMkMyhsHolyFrPtOlCBlqdyhXmOrtPiyZ6UmbIWEw8FNJgKQ==",
      "license": "MIT",
      "engines": {
        "node": ">=22"
      },
      "peerDependencies": {
        "@aws-lite/client": "^0.23.6",
        "@aws-lite/dynamodb": "^0.3.9",
        "@aws-lite/lambda": "^0.1.5",
        "@aws-lite/sns": "^0.0.8",
        "@aws-lite/sqs": "^0.2.4"
      }
    },
    "node_modules/@sanity/groq-condition-describe": {
      "version": "0.5.2",
      "resolved": "https://registry.npmjs.org/@sanity/groq-condition-describe/-/groq-condition-describe-0.5.2.tgz",
      "integrity": "sha512-HbP+UytB9gbScX5JuCM5mJNIZ093p3eeuDojqbf5KIunBaAqi0AuamsU5bjfNa/roE92xAJ9HDLbS5Vc93aPWA==",
      "license": "MIT",
      "dependencies": {
        "groq-js": "^1.30.2"
      },
      "engines": {
        "node": ">=20"
      }
    },
    "node_modules/@sanity/id-utils": {
      "version": "1.1.0",
      "resolved": "https://registry.npmjs.org/@sanity/id-utils/-/id-utils-1.1.0.tgz",
      "integrity": "sha512-A+DujVHCO3/+0DuzinmfCRQacIWVIherK0AHqFDoDOSgxx+Bur1kLhzX8fn7PdB2uZilxu2zWOr+UaGcj5zGbA==",
      "license": "MIT",
      "dependencies": {
        "@sanity/uuid": "^3.0.2",
        "ts-brand": "^0.2.0"
      },
      "engines": {
        "node": ">=18"
      }
    },
    "node_modules/@sanity/media-library-types": {
      "version": "1.7.1",
      "resolved": "https://registry.npmjs.org/@sanity/media-library-types/-/media-library-types-1.7.1.tgz",
      "integrity": "sha512-gugG7V+TIbHcmsWWIIukstDmz73ajD4pHPooGpMENVujtuMV8XZZHn/jgYBut6X0Afdxqk/BE9DsSQ7+1Xe1yA==",
      "license": "MIT",
      "peerDependencies": {
        "@sanity/types": "^4.0.0 || ^5.0.0 || ^6.0.0"
      }
    },
    "node_modules/@sanity/types": {
      "version": "5.31.2",
      "resolved": "https://registry.npmjs.org/@sanity/types/-/types-5.31.2.tgz",
      "integrity": "sha512-UM8GfNgsrFaGt3TQzG5tKFyXvNMEQD+e8AJq44DiL7t/UYJaMScofCSWzFGg+4c7A3A2lhooC8zO9gJi8Vj7aw==",
      "license": "MIT",
      "dependencies": {
        "@sanity/client": "^7.22.1",
        "@sanity/media-library-types": "^1.4.0"
      },
      "peerDependencies": {
        "@types/react": "^19.2"
      }
    },
    "node_modules/@sanity/types/node_modules/@sanity/client": {
      "version": "7.27.0",
      "resolved": "https://registry.npmjs.org/@sanity/client/-/client-7.27.0.tgz",
      "integrity": "sha512-qPVfGFo0bjUmRRtrx8mk1a2UnPPM93CFQr97bNacm2J3nShdhJlR6goNA/pQ7eRQO9uEG8moyUNrINYVGXgpPA==",
      "license": "MIT",
      "dependencies": {
        "@sanity/eventsource": "^5.0.4",
        "get-it": "^8.8.3",
        "nanoid": "^3.3.17",
        "rxjs": "^7.8.2"
      },
      "engines": {
        "node": ">=20"
      }
    },
    "node_modules/@sanity/types/node_modules/get-it": {
      "version": "8.8.3",
      "resolved": "https://registry.npmjs.org/get-it/-/get-it-8.8.3.tgz",
      "integrity": "sha512-IfkbWqOGO2kd2Ccgiz/NIzk3bcwjtVqBm3RNa3j/veHg2q7c1DgS3EXrCrvIWH0jbNTbhkdblnxBP7Dm8CiH+A==",
      "license": "MIT",
      "dependencies": {
        "decompress-response": "^7.0.0",
        "is-retry-allowed": "^2.2.0",
        "through2": "^4.0.2",
        "tunnel-agent": "^0.6.0"
      },
      "engines": {
        "node": ">=14.0.0"
      }
    },
    "node_modules/@sanity/uuid": {
      "version": "3.0.3",
      "resolved": "https://registry.npmjs.org/@sanity/uuid/-/uuid-3.0.3.tgz",
      "integrity": "sha512-aJvKuFwzcZKRwuIjrRPfXfXKpSdnLF4CnedV5WcX1n5SzhufvRNHIot5lkx1+Y1DwiMVQOZ5gDSPJH+P6Ao70A==",
      "license": "MIT",
      "dependencies": {
        "uuid": "^11.0.0"
      }
    },
    "node_modules/@sanity/workflow-engine": {
      "version": "0.36.0",
      "resolved": "https://registry.npmjs.org/@sanity/workflow-engine/-/workflow-engine-0.36.0.tgz",
      "integrity": "sha512-ONK3O+X5XEC6EyG+OUnhgrdYzOsVi0VbuB6AnY1D6uc+mV/IKcCZRiZHlJoQzyXI8/EU02mHtc/CRmWBQWbPCg==",
      "license": "MIT",
      "dependencies": {
        "@sanity/groq-condition-describe": "0.5.2",
        "@sanity/id-utils": "^1.0.0",
        "@sanity/types": "^5.28.0",
        "groq-js": "^1.30.2",
        "valibot": "^1.4.1"
      },
      "engines": {
        "node": ">=20"
      }
    },
    "node_modules/@shuding/opentype.js": {
      "version": "1.4.0-beta.0",
      "resolved": "https://registry.npmjs.org/@shuding/opentype.js/-/opentype.js-1.4.0-beta.0.tgz",
      "integrity": "sha512-3NgmNyH3l/Hv6EvsWJbsvpcpUba6R8IREQ83nH83cyakCw7uM1arZKNfHwv1Wz6jgqrF/j4x5ELvR6PnK9nTcA==",
      "license": "MIT",
      "dependencies": {
        "fflate": "^0.7.3",
        "string.prototype.codepointat": "^0.2.1"
      },
      "bin": {
        "ot": "bin/ot"
      },
      "engines": {
        "node": ">= 8.0.0"
      }
    },
    "node_modules/@types/event-source-polyfill": {
      "version": "1.0.5",
      "resolved": "https://registry.npmjs.org/@types/event-source-polyfill/-/event-source-polyfill-1.0.5.tgz",
      "integrity": "sha512-iaiDuDI2aIFft7XkcwMzDWLqo7LVDixd2sR6B4wxJut9xcp/Ev9bO4EFg4rm6S9QxATLBj5OPxdeocgmhjwKaw==",
      "license": "MIT"
    },
    "node_modules/@types/eventsource": {
      "version": "1.1.15",
      "resolved": "https://registry.npmjs.org/@types/eventsource/-/eventsource-1.1.15.tgz",
      "integrity": "sha512-XQmGcbnxUNa06HR3VBVkc9+A2Vpi9ZyLJcdS5dwaQQ/4ZMWFO+5c90FnMUpbtMZwB/FChoYHwuVg8TvkECacTA==",
      "license": "MIT"
    },
    "node_modules/@types/react": {
      "version": "19.3.0",
      "resolved": "https://registry.npmjs.org/@types/react/-/react-19.3.0.tgz",
      "integrity": "sha512-N0rFCuH9YoxG9/m61l9MfpJKfmLOVU0em7ipIz6TRgSSkvReLB9vL85GB+yr8Bs5leqpvg96JSwF4ZS1s4viQg==",
      "license": "MIT",
      "peer": true,
      "dependencies": {
        "csstype": "^3.2.2"
      }
    },
    "node_modules/aws4": {
      "version": "1.13.2",
      "resolved": "https://registry.npmjs.org/aws4/-/aws4-1.13.2.tgz",
      "integrity": "sha512-lHe62zvbTB5eEABUVi/AwVh0ZKY9rMMDhmm+eeyuuUQbQ3+J+fONVQOZyj+DdrvD4BY33uYniyRJ4UJIaSKAfw==",
      "license": "MIT",
      "peer": true
    },
    "node_modules/base64-js": {
      "version": "0.0.8",
      "resolved": "https://registry.npmjs.org/base64-js/-/base64-js-0.0.8.tgz",
      "integrity": "sha512-3XSA2cR/h/73EzlXXdU6YNycmYI7+kicTxks4eJg2g39biHR84slg2+des+p7iHYhbRg/udIS4TD53WabcOUkw==",
      "license": "MIT",
      "engines": {
        "node": ">= 0.4"
      }
    },
    "node_modules/camelize": {
      "version": "1.0.1",
      "resolved": "https://registry.npmjs.org/camelize/-/camelize-1.0.1.tgz",
      "integrity": "sha512-dU+Tx2fsypxTgtLoE36npi3UqcjSSMNYfkqgmoEhtZrraP5VWq0K7FkWVTYa8eMPtnU/G2txVsfdCJTn9uzpuQ==",
      "license": "MIT",
      "funding": {
        "url": "https://github.com/sponsors/ljharb"
      }
    },
    "node_modules/color-name": {
      "version": "1.1.4",
      "resolved": "https://registry.npmjs.org/color-name/-/color-name-1.1.4.tgz",
      "integrity": "sha512-dOy+3AuW3a2wNbZHIuMZpTcgjGuLU/uBL/ubcZF9OXbDo8ff4O8yVp5Bf0efS8uEoYo5q4Fx7dY9OgQGXgAsQA==",
      "license": "MIT"
    },
    "node_modules/css-background-parser": {
      "version": "0.1.0",
      "resolved": "https://registry.npmjs.org/css-background-parser/-/css-background-parser-0.1.0.tgz",
      "integrity": "sha512-2EZLisiZQ+7m4wwur/qiYJRniHX4K5Tc9w93MT3AS0WS1u5kaZ4FKXlOTBhOjc+CgEgPiGY+fX1yWD8UwpEqUA==",
      "license": "MIT"
    },
    "node_modules/css-box-shadow": {
      "version": "1.0.0-3",
      "resolved": "https://registry.npmjs.org/css-box-shadow/-/css-box-shadow-1.0.0-3.tgz",
      "integrity": "sha512-9jaqR6e7Ohds+aWwmhe6wILJ99xYQbfmK9QQB9CcMjDbTxPZjwEmUQpU91OG05Xgm8BahT5fW+svbsQGjS/zPg==",
      "license": "MIT"
    },
    "node_modules/css-color-keywords": {
      "version": "1.0.0",
      "resolved": "https://registry.npmjs.org/css-color-keywords/-/css-color-keywords-1.0.0.tgz",
      "integrity": "sha512-FyyrDHZKEjXDpNJYvVsV960FiqQyXc/LlYmsxl2BcdMb2WPx0OGRVgTg55rPSyLSNMqP52R9r8geSp7apN3Ofg==",
      "license": "ISC",
      "engines": {
        "node": ">=4"
      }
    },
    "node_modules/css-gradient-parser": {
      "version": "0.0.17",
      "resolved": "https://registry.npmjs.org/css-gradient-parser/-/css-gradient-parser-0.0.17.tgz",
      "integrity": "sha512-w2Xy9UMMwlKtou0vlRnXvWglPAceXCTtcmVSo8ZBUvqCV5aXEFP/PC6d+I464810I9FT++UACwTD5511bmGPUg==",
      "license": "MIT",
      "engines": {
        "node": ">=16"
      }
    },
    "node_modules/css-to-react-native": {
      "version": "3.2.0",
      "resolved": "https://registry.npmjs.org/css-to-react-native/-/css-to-react-native-3.2.0.tgz",
      "integrity": "sha512-e8RKaLXMOFii+02mOlqwjbD00KSEKqblnpO9e++1aXS1fPQOpS1YoqdVHBqPjHNoxeF2mimzVqawm2KCbEdtHQ==",
      "license": "MIT",
      "dependencies": {
        "camelize": "^1.0.0",
        "css-color-keywords": "^1.0.0",
        "postcss-value-parser": "^4.0.2"
      }
    },
    "node_modules/csstype": {
      "version": "3.2.3",
      "resolved": "https://registry.npmjs.org/csstype/-/csstype-3.2.3.tgz",
      "integrity": "sha512-z1HGKcYy2xA8AGQfwrn0PAy+PB7X/GSj3UVJW9qKyn43xWa+gl5nXmU4qqLMRzWVLFC8KusUX8T/0kCiOYpAIQ==",
      "license": "MIT",
      "peer": true
    },
    "node_modules/debug": {
      "version": "4.4.3",
      "resolved": "https://registry.npmjs.org/debug/-/debug-4.4.3.tgz",
      "integrity": "sha512-RGwwWnwQvkVfavKVt22FGLw+xYSdzARwm0ru6DhTVA3umU5hZc28V3kO4stgYryrTlLpuvgI9GiijltAjNbcqA==",
      "license": "MIT",
      "dependencies": {
        "ms": "^2.1.3"
      },
      "engines": {
        "node": ">=6.0"
      },
      "peerDependenciesMeta": {
        "supports-color": {
          "optional": true
        }
      }
    },
    "node_modules/decompress-response": {
      "version": "7.0.0",
      "resolved": "https://registry.npmjs.org/decompress-response/-/decompress-response-7.0.0.tgz",
      "integrity": "sha512-6IvPrADQyyPGLpMnUh6kfKiqy7SrbXbjoUuZ90WMBJKErzv2pCiwlGEXjRX9/54OnTq+XFVnkOnOMzclLI5aEA==",
      "license": "MIT",
      "dependencies": {
        "mimic-response": "^3.1.0"
      },
      "engines": {
        "node": ">=10"
      },
      "funding": {
        "url": "https://github.com/sponsors/sindresorhus"
      }
    },
    "node_modules/emoji-regex-xs": {
      "version": "2.0.1",
      "resolved": "https://registry.npmjs.org/emoji-regex-xs/-/emoji-regex-xs-2.0.1.tgz",
      "integrity": "sha512-1QFuh8l7LqUcKe24LsPUNzjrzJQ7pgRwp1QMcZ5MX6mFplk2zQ08NVCM84++1cveaUUYtcCYHmeFEuNg16sU4g==",
      "license": "MIT",
      "engines": {
        "node": ">=10.0.0"
      }
    },
    "node_modules/escape-html": {
      "version": "1.0.3",
      "resolved": "https://registry.npmjs.org/escape-html/-/escape-html-1.0.3.tgz",
      "integrity": "sha512-NiSupZ4OeuGwr68lGIeym/ksIZMJodUGOSCZ/FSnTxcrekbvqrgdUxlJOMpijaKZVjAJrWrGs/6Jy8OMuyj9ow==",
      "license": "MIT"
    },
    "node_modules/event-source-polyfill": {
      "version": "1.0.31",
      "resolved": "https://registry.npmjs.org/event-source-polyfill/-/event-source-polyfill-1.0.31.tgz",
      "integrity": "sha512-4IJSItgS/41IxN5UVAVuAyczwZF7ZIEsM1XAoUzIHA6A+xzusEZUutdXz2Nr+MQPLxfTiCvqE79/C8HT8fKFvA==",
      "license": "MIT"
    },
    "node_modules/eventsource": {
      "version": "5.1.2",
      "resolved": "https://registry.npmjs.org/eventsource/-/eventsource-5.1.2.tgz",
      "integrity": "sha512-VJnwqqp+fOT3WDkjnUy49Zuyh48+kH0JdJApZkslrRQyx35zIZJeJYJl0+a+LrTzh5TFv6MdmXnBDv71UXFyWQ==",
      "license": "MIT",
      "dependencies": {
        "eventsource-parser": "^4.1.1"
      },
      "engines": {
        "node": ">=22.12.0"
      }
    },
    "node_modules/eventsource-parser": {
      "version": "4.1.1",
      "resolved": "https://registry.npmjs.org/eventsource-parser/-/eventsource-parser-4.1.1.tgz",
      "integrity": "sha512-zaWNqeSLeyzEAAt2Q6aDBRDRk/VnPmsKqvToyGvv6aahvLv71A4Jw7jG93Hckf11zXurbqgsffvpSgKPoeU1Qw==",
      "license": "MIT",
      "engines": {
        "node": ">=22.12"
      }
    },
    "node_modules/fflate": {
      "version": "0.7.3",
      "resolved": "https://registry.npmjs.org/fflate/-/fflate-0.7.3.tgz",
      "integrity": "sha512-0Zz1jOzJWERhyhsimS54VTqOteCNwRtIlh8isdL0AXLo0g7xNTfTL7oWrkmCnPhZGocKIkWHBistBrrpoNH3aw==",
      "license": "MIT"
    },
    "node_modules/get-it": {
      "version": "9.6.1",
      "resolved": "https://registry.npmjs.org/get-it/-/get-it-9.6.1.tgz",
      "integrity": "sha512-uxMgcolbhJTz8f/cOHLcgde3A0gwqv5p6m8OJ2WJqn7NBi79krofZdp95FD0+7N9UUpmAe76vIEX3kDFijRahg==",
      "license": "MIT",
      "dependencies": {
        "undici": "^7.30.0"
      },
      "engines": {
        "node": ">=22.12.0"
      },
      "peerDependencies": {
        "vitest": ">=2.0.0"
      },
      "peerDependenciesMeta": {
        "vitest": {
          "optional": true
        }
      }
    },
    "node_modules/groq-js": {
      "version": "1.30.3",
      "resolved": "https://registry.npmjs.org/groq-js/-/groq-js-1.30.3.tgz",
      "integrity": "sha512-X3Zppy8KO/mDLSu5RylcO9zON+IwxV6y6aeIWsfNNBz0PaRboUmsTVgk3Zndqp9TgWCTFvCk+Z2W0uu0R3i5DA==",
      "license": "MIT",
      "dependencies": {
        "debug": "^4.3.4"
      },
      "engines": {
        "node": ">= 14"
      }
    },
    "node_modules/harfbuzzjs": {
      "version": "0.10.0",
      "resolved": "https://registry.npmjs.org/harfbuzzjs/-/harfbuzzjs-0.10.0.tgz",
      "integrity": "sha512-SN8LVwCOzvTq3OPNd0+EAghgXugItz56wst567D1vs7LnnKGWprhi3EG58aVOBwhN8HEbQxL4I9NDWkcXUutRw==",
      "license": "MIT"
    },
    "node_modules/hex-rgb": {
      "version": "4.3.0",
      "resolved": "https://registry.npmjs.org/hex-rgb/-/hex-rgb-4.3.0.tgz",
      "integrity": "sha512-Ox1pJVrDCyGHMG9CFg1tmrRUMRPRsAWYc/PinY0XzJU4K7y7vjNoLKIQ7BR5UJMCxNN8EM1MNDmHWA/B3aZUuw==",
      "license": "MIT",
      "engines": {
        "node": ">=6"
      },
      "funding": {
        "url": "https://github.com/sponsors/sindresorhus"
      }
    },
    "node_modules/inherits": {
      "version": "2.0.4",
      "resolved": "https://registry.npmjs.org/inherits/-/inherits-2.0.4.tgz",
      "integrity": "sha512-k/vGaX4/Yla3WzyMCvTQOXYeIHvqOKtnqBduzTHpzpQZzAskKMhZ2K+EnBiSM9zGSoIFeMpXKxa4dYeZIQqewQ==",
      "license": "ISC"
    },
    "node_modules/is-retry-allowed": {
      "version": "2.2.0",
      "resolved": "https://registry.npmjs.org/is-retry-allowed/-/is-retry-allowed-2.2.0.tgz",
      "integrity": "sha512-XVm7LOeLpTW4jV19QSH38vkswxoLud8sQ57YwJVTPWdiaI9I8keEhGFpBlslyVsgdQy4Opg8QOLb8YRgsyZiQg==",
      "license": "MIT",
      "engines": {
        "node": ">=10"
      },
      "funding": {
        "url": "https://github.com/sponsors/sindresorhus"
      }
    },
    "node_modules/linebreak": {
      "version": "1.1.0",
      "resolved": "https://registry.npmjs.org/linebreak/-/linebreak-1.1.0.tgz",
      "integrity": "sha512-MHp03UImeVhB7XZtjd0E4n6+3xr5Dq/9xI/5FptGk5FrbDR3zagPa2DS6U8ks/3HjbKWG9Q1M2ufOzxV2qLYSQ==",
      "license": "MIT",
      "dependencies": {
        "base64-js": "0.0.8",
        "unicode-trie": "^2.0.0"
      }
    },
    "node_modules/mimic-response": {
      "version": "3.1.0",
      "resolved": "https://registry.npmjs.org/mimic-response/-/mimic-response-3.1.0.tgz",
      "integrity": "sha512-z0yWI+4FDrrweS8Zmt4Ej5HdJmky15+L2e6Wgn3+iK5fWzb6T3fhNFq2+MeTRb064c6Wr4N/wv0DzQTjNzHNGQ==",
      "license": "MIT",
      "engines": {
        "node": ">=10"
      },
      "funding": {
        "url": "https://github.com/sponsors/sindresorhus"
      }
    },
    "node_modules/ms": {
      "version": "2.1.3",
      "resolved": "https://registry.npmjs.org/ms/-/ms-2.1.3.tgz",
      "integrity": "sha512-6FlzubTLZG3J2a/NVCAleEhjzq5oxgHyaCU9yYXvcLsvoVaHJq/s5xXI6/XXP6tz7R9xAOtHnSO/tXtF3WRTlA==",
      "license": "MIT"
    },
    "node_modules/nanoid": {
      "version": "3.3.19",
      "resolved": "https://registry.npmjs.org/nanoid/-/nanoid-3.3.19.tgz",
      "integrity": "sha512-Y2tUNy4ouw6tq5oDSKeQYGOyhkUBhNOcGV/02KC+6kd9eDGqdZd++mjMiIDilrBYvjEnCYvVtsuHCuP+okSfug==",
      "funding": [
        {
          "type": "github",
          "url": "https://github.com/sponsors/ai"
        }
      ],
      "license": "MIT",
      "bin": {
        "nanoid": "bin/nanoid.cjs"
      },
      "engines": {
        "node": "^10 || ^12 || ^13.7 || ^14 || >=15.0.1"
      }
    },
    "node_modules/obug": {
      "version": "3.0.0",
      "resolved": "https://registry.npmjs.org/obug/-/obug-3.0.0.tgz",
      "integrity": "sha512-5vvB5+W7ePv+p3uqxi+RcW1XAzLW0/hxt3/4X4Lc4qHudzOhmBiBwOY6DRob4WnanAEGvNcLjF+KNOufrUoEQw==",
      "funding": [
        "https://github.com/sponsors/sxzz",
        "https://opencollective.com/debug"
      ],
      "license": "MIT",
      "engines": {
        "node": ">=12.20.0"
      }
    },
    "node_modules/pako": {
      "version": "0.2.9",
      "resolved": "https://registry.npmjs.org/pako/-/pako-0.2.9.tgz",
      "integrity": "sha512-NUcwaKxUxWrZLpDG+z/xZaCgQITkA/Dv4V/T6bw7VON6l1Xz/VnrBqrYjZQ12TamKHzITTfOEIYUj48y2KXImA==",
      "license": "MIT"
    },
    "node_modules/parse-css-color": {
      "version": "0.2.1",
      "resolved": "https://registry.npmjs.org/parse-css-color/-/parse-css-color-0.2.1.tgz",
      "integrity": "sha512-bwS/GGIFV3b6KS4uwpzCFj4w297Yl3uqnSgIPsoQkx7GMLROXfMnWvxfNkL0oh8HVhZA4hvJoEoEIqonfJ3BWg==",
      "license": "MIT",
      "dependencies": {
        "color-name": "^1.1.4",
        "hex-rgb": "^4.1.0"
      }
    },
    "node_modules/parse-duration": {
      "version": "2.1.9",
      "resolved": "https://registry.npmjs.org/parse-duration/-/parse-duration-2.1.9.tgz",
      "integrity": "sha512-q73c2djLx0fPIEcnW4Eb9LBZnH+NunMUzKh3/UwHyMz8LKxd4hF0OVq3nap8x0AevX1QEyCojF7QO/vAb6PFiA==",
      "license": "MIT"
    },
    "node_modules/postcss-value-parser": {
      "version": "4.2.0",
      "resolved": "https://registry.npmjs.org/postcss-value-parser/-/postcss-value-parser-4.2.0.tgz",
      "integrity": "sha512-1NNCs6uurfkVbeXG4S8JFT9t19m45ICnif8zWLd5oPSZ50QnwMfK+H3jv408d4jw/7Bttv5axS5IiHoLaVNHeQ==",
      "license": "MIT"
    },
    "node_modules/readable-stream": {
      "version": "3.6.2",
      "resolved": "https://registry.npmjs.org/readable-stream/-/readable-stream-3.6.2.tgz",
      "integrity": "sha512-9u/sniCrY3D5WdsERHzHE4G2YCXqoG5FTHUiCC4SIbr6XcLZBY05ya9EKjYek9O5xOAwjGq+1JdGBAS7Q9ScoA==",
      "license": "MIT",
      "dependencies": {
        "inherits": "^2.0.3",
        "string_decoder": "^1.1.1",
        "util-deprecate": "^1.0.1"
      },
      "engines": {
        "node": ">= 6"
      }
    },
    "node_modules/rxjs": {
      "version": "7.8.2",
      "resolved": "https://registry.npmjs.org/rxjs/-/rxjs-7.8.2.tgz",
      "integrity": "sha512-dhKf903U/PQZY6boNNtAGdWbG85WAbjT/1xYoZIC7FAY0yWapOBQVsVrDl58W86//e1VpMNBtRV4MaXfdMySFA==",
      "license": "Apache-2.0",
      "dependencies": {
        "tslib": "^2.1.0"
      }
    },
    "node_modules/safe-buffer": {
      "version": "5.2.1",
      "resolved": "https://registry.npmjs.org/safe-buffer/-/safe-buffer-5.2.1.tgz",
      "integrity": "sha512-rp3So07KcdmmKbGvgaNxQSJr7bGVSVk5S9Eq1F+ppbRo70+YeaDxkw5Dd8NPN+GD6bjnYm2VuPuCXmpuYvmCXQ==",
      "funding": [
        {
          "type": "github",
          "url": "https://github.com/sponsors/feross"
        },
        {
          "type": "patreon",
          "url": "https://www.patreon.com/feross"
        },
        {
          "type": "consulting",
          "url": "https://feross.org/support"
        }
      ],
      "license": "MIT"
    },
    "node_modules/satori": {
      "version": "0.35.0",
      "resolved": "https://registry.npmjs.org/satori/-/satori-0.35.0.tgz",
      "integrity": "sha512-YyoP7axF2T93XOWXQXLH4t+cvLgZ+MeYV/xruXJfPa/czpcRqaG41/8Bz3mzgYj/7NxdrqJOx3YtzWy1MLtG5g==",
      "license": "MPL-2.0",
      "dependencies": {
        "@shuding/opentype.js": "1.4.0-beta.0",
        "css-background-parser": "^0.1.0",
        "css-box-shadow": "1.0.0-3",
        "css-gradient-parser": "^0.0.17",
        "css-to-react-native": "^3.0.0",
        "emoji-regex-xs": "^2.0.1",
        "escape-html": "^1.0.3",
        "fflate": "0.7.3",
        "harfbuzzjs": "0.10.0",
        "linebreak": "^1.1.0",
        "parse-css-color": "^0.2.1",
        "postcss-value-parser": "^4.2.0",
        "yoga-layout": "^3.2.1"
      },
      "engines": {
        "node": ">=16"
      }
    },
    "node_modules/string_decoder": {
      "version": "1.3.0",
      "resolved": "https://registry.npmjs.org/string_decoder/-/string_decoder-1.3.0.tgz",
      "integrity": "sha512-hkRX8U1WjJFd8LsDJ2yQ/wWWxaopEsABU1XfkM8A+j0+85JAGppt16cr1Whg6KIbb4okU6Mql6BOj+uup/wKeA==",
      "license": "MIT",
      "dependencies": {
        "safe-buffer": "~5.2.0"
      }
    },
    "node_modules/string.prototype.codepointat": {
      "version": "0.2.1",
      "resolved": "https://registry.npmjs.org/string.prototype.codepointat/-/string.prototype.codepointat-0.2.1.tgz",
      "integrity": "sha512-2cBVCj6I4IOvEnjgO/hWqXjqBGsY+zwPmHl12Srk9IXSZ56Jwwmy+66XO5Iut/oQVR7t5ihYdLB0GMa4alEUcg==",
      "license": "MIT"
    },
    "node_modules/through2": {
      "version": "4.0.2",
      "resolved": "https://registry.npmjs.org/through2/-/through2-4.0.2.tgz",
      "integrity": "sha512-iOqSav00cVxEEICeD7TjLB1sueEL+81Wpzp2bY17uZjZN0pWZPuo4suZ/61VujxmqSGFfgOcNuTZ85QJwNZQpw==",
      "license": "MIT",
      "dependencies": {
        "readable-stream": "3"
      }
    },
    "node_modules/tiny-inflate": {
      "version": "1.0.3",
      "resolved": "https://registry.npmjs.org/tiny-inflate/-/tiny-inflate-1.0.3.tgz",
      "integrity": "sha512-pkY1fj1cKHb2seWDy0B16HeWyczlJA9/WW3u3c4z/NiWDsO3DOU5D7nhTLE9CF0yXv/QZFY7sEJmj24dK+Rrqw==",
      "license": "MIT"
    },
    "node_modules/ts-brand": {
      "version": "0.2.0",
      "resolved": "https://registry.npmjs.org/ts-brand/-/ts-brand-0.2.0.tgz",
      "integrity": "sha512-H5uo7OqMvd91D2EefFmltBP9oeNInNzWLAZUSt6coGDn8b814Eis6SnEtzyXORr9ccEb38PfzyiRVDacdkycSQ==",
      "license": "MIT"
    },
    "node_modules/tslib": {
      "version": "2.8.1",
      "resolved": "https://registry.npmjs.org/tslib/-/tslib-2.8.1.tgz",
      "integrity": "sha512-oJFu94HQb+KVduSUQL7wnpmqnfmLsOA/nAh6b6EH0wCEoK0/mPeXU6c3wKDV83MkOuHPRHtSXKKU99IBazS/2w==",
      "license": "0BSD"
    },
    "node_modules/tunnel-agent": {
      "version": "0.6.0",
      "resolved": "https://registry.npmjs.org/tunnel-agent/-/tunnel-agent-0.6.0.tgz",
      "integrity": "sha512-McnNiV1l8RYeY8tBgEpuodCC1mLUdbSN+CYBL7kJsJNInOP8UjDDEwdk6Mw60vdLLrr5NHKZhMAOSrR2NZuQ+w==",
      "license": "Apache-2.0",
      "dependencies": {
        "safe-buffer": "^5.0.1"
      },
      "engines": {
        "node": "*"
      }
    },
    "node_modules/undici": {
      "version": "7.30.0",
      "resolved": "https://registry.npmjs.org/undici/-/undici-7.30.0.tgz",
      "integrity": "sha512-dkrQXeHSaoamnItlYbmzG0wFYrM0ZwDxCIg0A7aKjTyyhh9svRzCNFEzV+Vm05/yehjCzjDZ31KXfGEjYSztDQ==",
      "license": "MIT",
      "engines": {
        "node": ">=20.18.1"
      }
    },
    "node_modules/unicode-trie": {
      "version": "2.0.0",
      "resolved": "https://registry.npmjs.org/unicode-trie/-/unicode-trie-2.0.0.tgz",
      "integrity": "sha512-x7bc76x0bm4prf1VLg79uhAzKw8DVboClSN5VxJuQ+LKDOVEW9CdH+VY7SP+vX7xCYQqzzgQpFqz15zeLvAtZQ==",
      "license": "MIT",
      "dependencies": {
        "pako": "^0.2.5",
        "tiny-inflate": "^1.0.0"
      }
    },
    "node_modules/util-deprecate": {
      "version": "1.0.2",
      "resolved": "https://registry.npmjs.org/util-deprecate/-/util-deprecate-1.0.2.tgz",
      "integrity": "sha512-EPD5q1uXyFxJpCrLnCc1nHnq3gOa6DZBocAIiI2TaSCA7VCJ1UJDMagCzIkXNsUYfD1daK//LTEQ8xiIbrHtcw==",
      "license": "MIT"
    },
    "node_modules/uuid": {
      "version": "11.1.1",
      "resolved": "https://registry.npmjs.org/uuid/-/uuid-11.1.1.tgz",
      "integrity": "sha512-vIYxrBCC/N/K+Js3qSN88go7kIfNPssr/hHCesKCQNAjmgvYS2oqr69kIufEG+O4+PfezOH4EbIeHCfFov8ZgQ==",
      "funding": [
        "https://github.com/sponsors/broofa",
        "https://github.com/sponsors/ctavan"
      ],
      "license": "MIT",
      "bin": {
        "uuid": "dist/esm/bin/uuid"
      }
    },
    "node_modules/valibot": {
      "version": "1.5.0",
      "resolved": "https://registry.npmjs.org/valibot/-/valibot-1.5.0.tgz",
      "integrity": "sha512-nil6AkP2TChWL43Z5uJ6GTxX01CUA+g8LWUM+N/rB9NBbkUMaUsi9PUNzlUPgoKASgmx9f7eGOYpJ04/fSa6FQ==",
      "license": "MIT",
      "peerDependencies": {
        "typescript": ">=5"
      },
      "peerDependenciesMeta": {
        "typescript": {
          "optional": true
        }
      }
    },
    "node_modules/yoga-layout": {
      "version": "3.2.1",
      "resolved": "https://registry.npmjs.org/yoga-layout/-/yoga-layout-3.2.1.tgz",
      "integrity": "sha512-0LPOt3AxKqMdFBZA3HBAt/t/8vIKq7VaQYbuA8WxCgung+p9TVyKRYdpvCb80HcdTN2NkbIKbhNwKUfm3tQywQ==",
      "license": "MIT"
    }
  }
}
